
Microsoft Visual Studio Solution File, Format Version 12.00
# Visual Studio 15
VisualStudioVersion = 15.0.27130.2026
MinimumVisualStudioVersion = 10.0.40219.1
Project("{8BC9CEB8-8B4A-11D0-8D11-00A0C91BC942}") = "mediaLib", "mediaLib\mediaLib.vcxproj", "{2535ECCC-4723-47CF-8B4C-919F615C1096}"
EndProject
Project("{8BC9CEB8-8B4A-11D0-8D11-00A0C91BC942}") = "TestApp", "TestApp\TestApp.vcxproj", "{BA574EA4-8DB8-4D19-B622-E6B88612CD39}"
	ProjectSection(ProjectDependencies) = postProject
		{2535ECCC-4723-47CF-8B4C-919F615C1096} = {2535ECCC-4723-47CF-8B4C-919F615C1096}
	EndProjectSection
EndProject
Global
	GlobalSection(SolutionConfigurationPlatforms) = preSolution
		Debug|x64 = Debug|x64
		Debug|x86 = Debug|x86
		Release|x64 = Release|x64
		Release|x86 = Release|x86
	EndGlobalSection
	GlobalSection(ProjectConfigurationPlatforms) = postSolution
		{2535ECCC-4723-47CF-8B4C-919F615C1096}.Debug|x64.ActiveCfg = Debug|x64
		{2535ECCC-4723-47CF-8B4C-919F615C1096}.Debug|x64.Build.0 = Debug|x64
		{2535ECCC-4723-47CF-8B4C-919F615C1096}.Debug|x86.ActiveCfg = Debug|Win32
		{2535ECCC-4723-47CF-8B4C-919F615C1096}.Debug|x86.Build.0 = Debug|Win32
		{2535ECCC-4723-47CF-8B4C-919F615C1096}.Release|x64.ActiveCfg = Release|x64
		{2535ECCC-4723-47CF-8B4C-919F615C1096}.Release|x64.Build.0 = Release|x64
		{2535ECCC-4723-47CF-8B4C-919F615C1096}.Release|x86.ActiveCfg = Release|Win32
		{2535ECCC-4723-47CF-8B4C-919F615C1096}.Release|x86.Build.0 = Release|Win32
		{BA574EA4-8DB8-4D19-B622-E6B88612CD39}.Debug|x64.ActiveCfg = Debug|x64
		{BA574EA4-8DB8-4D19-B622-E6B88612CD39}.Debug|x64.Build.0 = Debug|x64
		{BA574EA4-8DB8-4D19-B622-E6B88612CD39}.Debug|x86.ActiveCfg = Debug|Win32
		{BA574EA4-8DB8-4D19-B622-E6B88612CD39}.Debug|x86.Build.0 = Debug|Win32
		{BA574EA4-8DB8-4D19-B622-E6B88612CD39}.Release|x64.ActiveCfg = Release|x64
		{BA574EA4-8DB8-4D19-B622-E6B88612CD39}.Release|x64.Build.0 = Release|x64
		{BA574EA4-8DB8-4D19-B622-E6B88612CD39}.Release|x86.ActiveCfg = Release|Win32
		{BA574EA4-8DB8-4D19-B622-E6B88612CD39}.Release|x86.Build.0 = Release|Win32
	EndGlobalSection
	GlobalSection(SolutionProperties) = preSolution
		HideSolutionNode = FALSE
	EndGlobalSection
	GlobalSection(ExtensibilityGlobals) = postSolution
		SolutionGuid = {EC6DC043-95F5-4EBD-9760-2AA9ABF14750}
	EndGlobalSection
EndGlobal
